lockfileVersion: '6.0'

settings:
  autoInstallPeers: true
  excludeLinksFromLockfile: false

devDependencies:
  oxfmt:
    specifier: 0.42.0
    version: 0.42.0

packages:

  /@oxfmt/binding-android-arm-eabi@0.42.0:
    resolution: {integrity: sha512-dsqPTYsozeokRjlrt/b4E7Pj0z3eS3Eg74TWQuuKbjY4VttBmA88rB7d50Xrd+TZ986qdXCNeZRPEzZHAe+jow==}
    engines: {node: ^20.19.0 || >=22.12.0}
    cpu: [arm]
    os: [android]
    requiresBuild: true
    dev: true
    optional: true

  /@oxfmt/binding-android-arm64@0.42.0:
    resolution: {integrity: sha512-t+aAjHxcr5eOBphFHdg1ouQU9qmZZoRxnX7UOJSaTwSoKsb6TYezNKO0YbWytGXCECObRqNcUxPoPr0KaraAIg==}
    engines: {node: ^20.19.0 || >=22.12.0}
    cpu: [arm64]
    os: [android]
    requiresBuild: true
    dev: true
    optional: true

  /@oxfmt/binding-darwin-arm64@0.42.0:
    resolution: {integrity: sha512-ulpSEYMKg61C5bRMZinFHrKJYRoKGVbvMEXA5zM1puX3O9T6Q4XXDbft20yrDijpYWeuG59z3Nabt+npeTsM1A==}
    engines: {node: ^20.19.0 || >=22.12.0}
    cpu: [arm64]
    os: [darwin]
    requiresBuild: true
    dev: true
    optional: true

  /@oxfmt/binding-darwin-x64@0.42.0:
    resolution: {integrity: sha512-ttxLKhQYPdFiM8I/Ri37cvqChE4Xa562nNOsZFcv1CKTVLeEozXjKuYClNvxkXmNlcF55nzM80P+CQkdFBu+uQ==}
    engines: {node: ^20.19.0 || >=22.12.0}
    cpu: [x64]
    os: [darwin]
    requiresBuild: true
    dev: true
    optional: true

  /@oxfmt/binding-freebsd-x64@0.42.0:
    resolution: {integrity: sha512-Og7QS3yI3tdIKYZ58SXik0rADxIk2jmd+/YvuHRyKULWpG4V2fR5V4hvKm624Mc0cQET35waPXiCQWvjQEjwYQ==}
    engines: {node: ^20.19.0 || >=22.12.0}
    cpu: [x64]
    os: [freebsd]
    requiresBuild: true
    dev: true
    optional: true

  /@oxfmt/binding-linux-arm-gnueabihf@0.42.0:
    resolution: {integrity: sha512-jwLOw/3CW4H6Vxcry4/buQHk7zm9Ne2YsidzTL1kpiMe4qqrRCwev3dkyWe2YkFmP+iZCQ7zku4KwjcLRoh8ew==}
    engines: {node: ^20.19.0 || >=22.12.0}
    cpu: [arm]
    os: [linux]
    requiresBuild: true
    dev: true
    optional: true

  /@oxfmt/binding-linux-arm-musleabihf@0.42.0:
    resolution: {integrity: sha512-XwXu2vkMtiq2h7tfvN+WA/9/5/1IoGAVCFPiiQUvcAuG3efR97KNcRGM8BetmbYouFotQ2bDal3yyjUx6IPsTg==}
    engines: {node: ^20.19.0 || >=22.12.0}
    cpu: [arm]
    os: [linux]
    requiresBuild: true
    dev: true
    optional: true

  /@oxfmt/binding-linux-arm64-gnu@0.42.0:
    resolution: {integrity: sha512-ea7s/XUJoT7ENAtUQDudFe3nkSM3e3Qpz4nJFRdzO2wbgXEcjnchKLEsV3+t4ev3r8nWxIYr9NRjPWtnyIFJVA==}
    engines: {node: ^20.19.0 || >=22.12.0}
    cpu: [arm64]
    os: [linux]
    requiresBuild: true
    dev: true
    optional: true

  /@oxfmt/binding-linux-arm64-musl@0.42.0:
    resolution: {integrity: sha512-+JA0YMlSdDqmacygGi2REp57c3fN+tzARD8nwsukx9pkCHK+6DkbAA9ojS4lNKsiBjIW8WWa0pBrBWhdZEqfuw==}
    engines: {node: ^20.19.0 || >=22.12.0}
    cpu: [arm64]
    os: [linux]
    requiresBuild: true
    dev: true
    optional: true

  /@oxfmt/binding-linux-ppc64-gnu@0.42.0:
    resolution: {integrity: sha512-VfnET0j4Y5mdfCzh5gBt0NK28lgn5DKx+8WgSMLYYeSooHhohdbzwAStLki9pNuGy51y4I7IoW8bqwAaCMiJQg==}
    engines: {node: ^20.19.0 || >=22.12.0}
    cpu: [ppc64]
    os: [linux]
    requiresBuild: true
    dev: true
    optional: true

  /@oxfmt/binding-linux-riscv64-gnu@0.42.0:
    resolution: {integrity: sha512-gVlCbmBkB0fxBWbhBj9rcxezPydsQHf4MFKeHoTSPicOQ+8oGeTQgQ8EeesSybWeiFPVRx3bgdt4IJnH6nOjAA==}
    engines: {node: ^20.19.0 || >=22.12.0}
    cpu: [riscv64]
    os: [linux]
    requiresBuild: true
    dev: true
    optional: true

  /@oxfmt/binding-linux-riscv64-musl@0.42.0:
    resolution: {integrity: sha512-zN5OfstL0avgt/IgvRu0zjQzVh/EPkcLzs33E9LMAzpqlLWiPWeMDZyMGFlSRGOdDjuNmlZBCgj0pFnK5u32TQ==}
    engines: {node: ^20.19.0 || >=22.12.0}
    cpu: [riscv64]
    os: [linux]
    requiresBuild: true
    dev: true
    optional: true

  /@oxfmt/binding-linux-s390x-gnu@0.42.0:
    resolution: {integrity: sha512-9X6+H2L0qMc2sCAgO9HS03bkGLMKvOFjmEdchaFlany3vNZOjnVui//D8k/xZAtQv2vaCs1reD5KAgPoIU4msA==}
    engines: {node: ^20.19.0 || >=22.12.0}
    cpu: [s390x]
    os: [linux]
    requiresBuild: true
    dev: true
    optional: true

  /@oxfmt/binding-linux-x64-gnu@0.42.0:
    resolution: {integrity: sha512-BajxJ6KQvMMdpXGPWhBGyjb2Jvx4uec0w+wi6TJZ6Tv7+MzPwe0pO8g5h1U0jyFgoaF7mDl6yKPW3ykWcbUJRw==}
    engines: {node: ^20.19.0 || >=22.12.0}
    cpu: [x64]
    os: [linux]
    requiresBuild: true
    dev: true
    optional: true

  /@oxfmt/binding-linux-x64-musl@0.42.0:
    resolution: {integrity: sha512-0wV284I6vc5f0AqAhgAbHU2935B4bVpncPoe5n/WzVZY/KnHgqxC8iSFGeSyLWEgstFboIcWkOPck7tqbdHkzA==}
    engines: {node: ^20.19.0 || >=22.12.0}
    cpu: [x64]
    os: [linux]
    requiresBuild: true
    dev: true
    optional: true

  /@oxfmt/binding-openharmony-arm64@0.42.0:
    resolution: {integrity: sha512-p4BG6HpGnhfgHk1rzZfyR6zcWkE7iLrWxyehHfXUy4Qa5j3e0roglFOdP/Nj5cJJ58MA3isQ5dlfkW2nNEpolw==}
    engines: {node: ^20.19.0 || >=22.12.0}
    cpu: [arm64]
    os: [openharmony]
    requiresBuild: true
    dev: true
    optional: true

  /@oxfmt/binding-win32-arm64-msvc@0.42.0:
    resolution: {integrity: sha512-mn//WV60A+IetORDxYieYGAoQso4KnVRRjORDewMcod4irlRe0OSC7YPhhwaexYNPQz/GCFk+v9iUcZ2W22yxQ==}
    engines: {node: ^20.19.0 || >=22.12.0}
    cpu: [arm64]
    os: [win32]
    requiresBuild: true
    dev: true
    optional: true

  /@oxfmt/binding-win32-ia32-msvc@0.42.0:
    resolution: {integrity: sha512-3gWltUrvuz4LPJXWivoAxZ28Of2O4N7OGuM5/X3ubPXCEV8hmgECLZzjz7UYvSDUS3grfdccQwmjynm+51EFpw==}
    engines: {node: ^20.19.0 || >=22.12.0}
    cpu: [ia32]
    os: [win32]
    requiresBuild: true
    dev: true
    optional: true

  /@oxfmt/binding-win32-x64-msvc@0.42.0:
    resolution: {integrity: sha512-Wg4TMAfQRL9J9AZevJ/ZNy3uyyDztDYQtGr4P8UyyzIhLhFrdSmz1J/9JT+rv0fiCDLaFOBQnj3f3K3+a5PzDQ==}
    engines: {node: ^20.19.0 || >=22.12.0}
    cpu: [x64]
    os: [win32]
    requiresBuild: true
    dev: true
    optional: true

  /oxfmt@0.42.0:
    resolution: {integrity: sha512-QhejGErLSMReNuZ6vxgFHDyGoPbjTRNi6uGHjy0cvIjOQFqD6xmr/T+3L41ixR3NIgzcNiJ6ylQKpvShTgDfqg==}
    engines: {node: ^20.19.0 || >=22.12.0}
    hasBin: true
    dependencies:
      tinypool: 2.1.0
    optionalDependencies:
      '@oxfmt/binding-android-arm-eabi': 0.42.0
      '@oxfmt/binding-android-arm64': 0.42.0
      '@oxfmt/binding-darwin-arm64': 0.42.0
      '@oxfmt/binding-darwin-x64': 0.42.0
      '@oxfmt/binding-freebsd-x64': 0.42.0
      '@oxfmt/binding-linux-arm-gnueabihf': 0.42.0
      '@oxfmt/binding-linux-arm-musleabihf': 0.42.0
      '@oxfmt/binding-linux-arm64-gnu': 0.42.0
      '@oxfmt/binding-linux-arm64-musl': 0.42.0
      '@oxfmt/binding-linux-ppc64-gnu': 0.42.0
      '@oxfmt/binding-linux-riscv64-gnu': 0.42.0
      '@oxfmt/binding-linux-riscv64-musl': 0.42.0
      '@oxfmt/binding-linux-s390x-gnu': 0.42.0
      '@oxfmt/binding-linux-x64-gnu': 0.42.0
      '@oxfmt/binding-linux-x64-musl': 0.42.0
      '@oxfmt/binding-openharmony-arm64': 0.42.0
      '@oxfmt/binding-win32-arm64-msvc': 0.42.0
      '@oxfmt/binding-win32-ia32-msvc': 0.42.0
      '@oxfmt/binding-win32-x64-msvc': 0.42.0
    dev: true

  /tinypool@2.1.0:
    resolution: {integrity: sha512-Pugqs6M0m7Lv1I7FtxN4aoyToKg1C4tu+/381vH35y8oENM/Ai7f7C4StcoK4/+BSw9ebcS8jRiVrORFKCALLw==}
    engines: {node: ^20.0.0 || >=22.0.0}
    dev: true
