lockfileVersion: '6.0'

settings:
  autoInstallPeers: true
  excludeLinksFromLockfile: false

devDependencies:
  oxfmt:
    specifier: 0.63.0
    version: 0.63.0

packages:

  /@oxfmt/binding-android-arm-eabi@0.63.0:
    resolution: {integrity: sha512-YmRth4ZPGgEXcgmkhvANbC9uD67dxmSobW7DQuyt5tOBOKvPnIpk5SVHBj88E+7wMNRI2FhqaDbOhQFBix+b8A==}
    engines: {node: ^20.19.0 || >=22.12.0}
    cpu: [arm]
    os: [android]
    requiresBuild: true
    dev: true
    optional: true

  /@oxfmt/binding-android-arm64@0.63.0:
    resolution: {integrity: sha512-icbahX8X2X3sRamOMecvdYeZXWjPDazRDIfvWfy7Ca1nc/ZDT2Y9k5Nt7s46EqFd7NQPdgk+CM3/SgIT5LPCaQ==}
    engines: {node: ^20.19.0 || >=22.12.0}
    cpu: [arm64]
    os: [android]
    requiresBuild: true
    dev: true
    optional: true

  /@oxfmt/binding-darwin-arm64@0.63.0:
    resolution: {integrity: sha512-WV+Ze5v5gI2qoj8jpAovt8KBTW8pjEz/AiMXXjeTQS+Bmf/MmZXTS40S8xNPDszX+W8WDv2Bbk6qKrMTtUGu1A==}
    engines: {node: ^20.19.0 || >=22.12.0}
    cpu: [arm64]
    os: [darwin]
    requiresBuild: true
    dev: true
    optional: true

  /@oxfmt/binding-darwin-x64@0.63.0:
    resolution: {integrity: sha512-CJGSBdDxXOWIpoFXHpverimCvz084KA7L483rqJ44c3jDtzv6d4qOSoR/V9ywSHfV+Ks1lwIj2P49BFhunLNAA==}
    engines: {node: ^20.19.0 || >=22.12.0}
    cpu: [x64]
    os: [darwin]
    requiresBuild: true
    dev: true
    optional: true

  /@oxfmt/binding-freebsd-x64@0.63.0:
    resolution: {integrity: sha512-BDfKY+KhL2078cgswBBFQPAYuxCy93bS/iC5frdSeSbTLcGrR6VC2hsuPTanoJmg84+wSyWl0wWC1eR+uTnkRg==}
    engines: {node: ^20.19.0 || >=22.12.0}
    cpu: [x64]
    os: [freebsd]
    requiresBuild: true
    dev: true
    optional: true

  /@oxfmt/binding-linux-arm-gnueabihf@0.63.0:
    resolution: {integrity: sha512-Ov1cQEXT4mj7cojAokWSS1eoxkoyvbDfAbxNsGIKY2o36kvdAaFzPxRN6NxFRk9fD72B8oCoTTX/NuYTUWlpsg==}
    engines: {node: ^20.19.0 || >=22.12.0}
    cpu: [arm]
    os: [linux]
    requiresBuild: true
    dev: true
    optional: true

  /@oxfmt/binding-linux-arm-musleabihf@0.63.0:
    resolution: {integrity: sha512-0LE7ro3+6L79jcMANycAZfRaC7zxr9YZ2+vEL5uMD9QlEep+rS/r1kSJsnuLl991NXJZD60euh0PC1GHrR20vw==}
    engines: {node: ^20.19.0 || >=22.12.0}
    cpu: [arm]
    os: [linux]
    requiresBuild: true
    dev: true
    optional: true

  /@oxfmt/binding-linux-arm64-gnu@0.63.0:
    resolution: {integrity: sha512-izPk+2Z4gjuZK32Fqh5qXoMpT/2NXzLh++ob57HiEiVSQZ1iYXu8EKMzb+K5AvWyIEXhdDIt7ADjGGtFhkT9Bw==}
    engines: {node: ^20.19.0 || >=22.12.0}
    cpu: [arm64]
    os: [linux]
    requiresBuild: true
    dev: true
    optional: true

  /@oxfmt/binding-linux-arm64-musl@0.63.0:
    resolution: {integrity: sha512-alPmbOuWXFXiSo+lOtv6X71C7SYMEDW2WVvywOvf9BwKgEhSNGhMTLeFVSjKUMCamcjbbgVdsWF8GN1uy8xshg==}
    engines: {node: ^20.19.0 || >=22.12.0}
    cpu: [arm64]
    os: [linux]
    requiresBuild: true
    dev: true
    optional: true

  /@oxfmt/binding-linux-ppc64-gnu@0.63.0:
    resolution: {integrity: sha512-BdzCPvolJc4AWZ+YMzgUDJcDzbQWrFjYuqBHoNHNqP1aCaluQRJNs4k3vNU5IG7vTpjf9zeD73D7MFM1TecZpg==}
    engines: {node: ^20.19.0 || >=22.12.0}
    cpu: [ppc64]
    os: [linux]
    requiresBuild: true
    dev: true
    optional: true

  /@oxfmt/binding-linux-riscv64-gnu@0.63.0:
    resolution: {integrity: sha512-7sIgfLzqtNKSkMGsGVyRpHwpjNezRg2XONvUOheFZs95TSZpM0JAuPpA8KrQFsWc4wPU95roX2O69JgH8igOgw==}
    engines: {node: ^20.19.0 || >=22.12.0}
    cpu: [riscv64]
    os: [linux]
    requiresBuild: true
    dev: true
    optional: true

  /@oxfmt/binding-linux-riscv64-musl@0.63.0:
    resolution: {integrity: sha512-9Tcg0y0WcVa6Mm9AgcgFMseDS+VkFJZpKZ8We9SpDY4gg5jewSwln+0sO04QLcTS1BtfDl9MwR+NfID8L7PUTg==}
    engines: {node: ^20.19.0 || >=22.12.0}
    cpu: [riscv64]
    os: [linux]
    requiresBuild: true
    dev: true
    optional: true

  /@oxfmt/binding-linux-s390x-gnu@0.63.0:
    resolution: {integrity: sha512-qWKC1pEOpx1qYhXaugPhHUeXwSfqEOk2wJH2LqVXGPV5iQYfdAZdt+d2XDiX4DTSWA2QDMUcFB+wEORh3Xn/sA==}
    engines: {node: ^20.19.0 || >=22.12.0}
    cpu: [s390x]
    os: [linux]
    requiresBuild: true
    dev: true
    optional: true

  /@oxfmt/binding-linux-x64-gnu@0.63.0:
    resolution: {integrity: sha512-S9wXYOiGSqYGS4Fx/TFsY+xDd/7dE5s+rUgbA4TsHiVF9e8J3ZcKmP7dsP/7iqLI9Wz7Ic7TzEr3mdthRCTdrA==}
    engines: {node: ^20.19.0 || >=22.12.0}
    cpu: [x64]
    os: [linux]
    requiresBuild: true
    dev: true
    optional: true

  /@oxfmt/binding-linux-x64-musl@0.63.0:
    resolution: {integrity: sha512-5eGyTJuMZNwBSHCivXt8Yuta6GeTYksOPXRk2MIhajiyFGQx7bjaHIwY+ZusAoFHhT157A9x6sktLjYo9D5oMQ==}
    engines: {node: ^20.19.0 || >=22.12.0}
    cpu: [x64]
    os: [linux]
    requiresBuild: true
    dev: true
    optional: true

  /@oxfmt/binding-openharmony-arm64@0.63.0:
    resolution: {integrity: sha512-Rz7hx+Dv3DoW/S6pwVAyjfFXp7/trdQ1zg+vNmsdsdDNlUccugp4XNqambSuEAeP0DaG9k72AtNyfDXCEg0AGw==}
    engines: {node: ^20.19.0 || >=22.12.0}
    cpu: [arm64]
    os: [openharmony]
    requiresBuild: true
    dev: true
    optional: true

  /@oxfmt/binding-win32-arm64-msvc@0.63.0:
    resolution: {integrity: sha512-T/IuizKN9mr4Xw6YYnptkXRNdLkyIlUZ7c8zfTOBpoytZyJ1BAsMUvsMDEx0X4YvSMpaivm+DR8112rQfzC25g==}
    engines: {node: ^20.19.0 || >=22.12.0}
    cpu: [arm64]
    os: [win32]
    requiresBuild: true
    dev: true
    optional: true

  /@oxfmt/binding-win32-ia32-msvc@0.63.0:
    resolution: {integrity: sha512-XjrO5FJ5Wl9vsAxtCP1G/eaeT6y1K2s9CICUHGE42cEjou32/J6S+B1KnrOAboj6E7uhJnwPbRSvznWcxNdA0g==}
    engines: {node: ^20.19.0 || >=22.12.0}
    cpu: [ia32]
    os: [win32]
    requiresBuild: true
    dev: true
    optional: true

  /@oxfmt/binding-win32-x64-msvc@0.63.0:
    resolution: {integrity: sha512-sgsHCQy432OTQH4Ikk3tZptp3GqwnhwUDuY0loBH41zyHWfMZY9v8Dy78wsnSofHejvFozZGgJgBB1A0LQRwMQ==}
    engines: {node: ^20.19.0 || >=22.12.0}
    cpu: [x64]
    os: [win32]
    requiresBuild: true
    dev: true
    optional: true

  /oxfmt@0.63.0:
    resolution: {integrity: sha512-kgdDwv35wvVf6554U2Ab8Jnd0zTM+TsEQWwaB70RAjK3gICFAFGO+2Hd3Be27GMoXj3XRL9IKSNRVl7KBQL6iw==}
    engines: {node: ^20.19.0 || >=22.12.0}
    hasBin: true
    peerDependencies:
      svelte: ^5.0.0
      vite-plus: '*'
    peerDependenciesMeta:
      svelte:
        optional: true
      vite-plus:
        optional: true
    dependencies:
      tinypool: 2.1.0
    optionalDependencies:
      '@oxfmt/binding-android-arm-eabi': 0.63.0
      '@oxfmt/binding-android-arm64': 0.63.0
      '@oxfmt/binding-darwin-arm64': 0.63.0
      '@oxfmt/binding-darwin-x64': 0.63.0
      '@oxfmt/binding-freebsd-x64': 0.63.0
      '@oxfmt/binding-linux-arm-gnueabihf': 0.63.0
      '@oxfmt/binding-linux-arm-musleabihf': 0.63.0
      '@oxfmt/binding-linux-arm64-gnu': 0.63.0
      '@oxfmt/binding-linux-arm64-musl': 0.63.0
      '@oxfmt/binding-linux-ppc64-gnu': 0.63.0
      '@oxfmt/binding-linux-riscv64-gnu': 0.63.0
      '@oxfmt/binding-linux-riscv64-musl': 0.63.0
      '@oxfmt/binding-linux-s390x-gnu': 0.63.0
      '@oxfmt/binding-linux-x64-gnu': 0.63.0
      '@oxfmt/binding-linux-x64-musl': 0.63.0
      '@oxfmt/binding-openharmony-arm64': 0.63.0
      '@oxfmt/binding-win32-arm64-msvc': 0.63.0
      '@oxfmt/binding-win32-ia32-msvc': 0.63.0
      '@oxfmt/binding-win32-x64-msvc': 0.63.0
    dev: true

  /tinypool@2.1.0:
    resolution: {integrity: sha512-Pugqs6M0m7Lv1I7FtxN4aoyToKg1C4tu+/381vH35y8oENM/Ai7f7C4StcoK4/+BSw9ebcS8jRiVrORFKCALLw==}
    engines: {node: ^20.0.0 || >=22.0.0}
    dev: true
